
Microsoft Visual Studio Solution File, Format Version 12.00
# Visual Studio 15
VisualStudioVersion = 15.0.28307.329
MinimumVisualStudioVersion = 10.0.40219.1
Project("{FAE04EC0-301F-11D3-BF4B-00C04F79EFBC}") = "SearchEngine", "SearchEngine.csproj", "{050D1BC5-4733-447E-BFE6-E2A1EB84FC12}"
EndProject
Global
	GlobalSection(SolutionConfigurationPlatforms) = preSolution
		Debug|Any CPU = Debug|Any CPU
		Release|Any CPU = Release|Any CPU
	EndGlobalSection
	GlobalSection(ProjectConfigurationPlatforms) = postSolution
		{050D1BC5-4733-447E-BFE6-E2A1EB84FC12}.Debug|Any CPU.ActiveCfg = Debug|Any CPU
		{050D1BC5-4733-447E-BFE6-E2A1EB84FC12}.Debug|Any CPU.Build.0 = Debug|Any CPU
		{050D1BC5-4733-447E-BFE6-E2A1EB84FC12}.Release|Any CPU.ActiveCfg = Release|Any CPU
		{050D1BC5-4733-447E-BFE6-E2A1EB84FC12}.Release|Any CPU.Build.0 = Release|Any CPU
	EndGlobalSection
	GlobalSection(SolutionProperties) = preSolution
		HideSolutionNode = FALSE
	EndGlobalSection
	GlobalSection(ExtensibilityGlobals) = postSolution
		SolutionGuid = {EAEF5FBA-FDBC-41B2-9D10-0A6F52D6108D}
	EndGlobalSection
EndGlobal
